
Microsoft Visual Studio Solution File, Format Version 12.00
# Visual Studio Version 16
VisualStudioVersion = 16.0.30621.155
MinimumVisualStudioVersion = 10.0.40219.1
Project("{FAE04EC0-301F-11D3-BF4B-00C04F79EFBC}") = "Homework", "Homework\Homework.csproj", "{419C8EF8-A554-4284-A516-30DBC211D8B4}"
EndProject
Project("{FAE04EC0-301F-11D3-BF4B-00C04F79EFBC}") = "UnitTest", "UnitTest\UnitTest.csproj", "{176D1763-C8D1-4283-8A57-24AEDA8A89FC}"
EndProject
Global
	GlobalSection(SolutionConfigurationPlatforms) = preSolution
		Debug|Any CPU = Debug|Any CPU
		Release|Any CPU = Release|Any CPU
	EndGlobalSection
	GlobalSection(ProjectConfigurationPlatforms) = postSolution
		{419C8EF8-A554-4284-A516-30DBC211D8B4}.Debug|Any CPU.ActiveCfg = Debug|Any CPU
		{419C8EF8-A554-4284-A516-30DBC211D8B4}.Debug|Any CPU.Build.0 = Debug|Any CPU
		{419C8EF8-A554-4284-A516-30DBC211D8B4}.Release|Any CPU.ActiveCfg = Release|Any CPU
		{419C8EF8-A554-4284-A516-30DBC211D8B4}.Release|Any CPU.Build.0 = Release|Any CPU
		{176D1763-C8D1-4283-8A57-24AEDA8A89FC}.Debug|Any CPU.ActiveCfg = Debug|Any CPU
		{176D1763-C8D1-4283-8A57-24AEDA8A89FC}.Debug|Any CPU.Build.0 = Debug|Any CPU
		{176D1763-C8D1-4283-8A57-24AEDA8A89FC}.Release|Any CPU.ActiveCfg = Release|Any CPU
		{176D1763-C8D1-4283-8A57-24AEDA8A89FC}.Release|Any CPU.Build.0 = Release|Any CPU
	EndGlobalSection
	GlobalSection(SolutionProperties) = preSolution
		HideSolutionNode = FALSE
	EndGlobalSection
	GlobalSection(ExtensibilityGlobals) = postSolution
		SolutionGuid = {0B4BEA8B-96F9-4E08-83A4-6C1C744F6C5A}
	EndGlobalSection
EndGlobal
