
Microsoft Visual Studio Solution File, Format Version 12.00
# Visual Studio Version 16
VisualStudioVersion = 16.0.30621.155
MinimumVisualStudioVersion = 10.0.40219.1
Project("{FAE04EC0-301F-11D3-BF4B-00C04F79EFBC}") = "Homework-4", "Homework-4\Homework-4.csproj", "{326A6012-EB6F-4845-9057-D76A86B3FA0A}"
EndProject
Global
	GlobalSection(SolutionConfigurationPlatforms) = preSolution
		Debug|Any CPU = Debug|Any CPU
		Release|Any CPU = Release|Any CPU
	EndGlobalSection
	GlobalSection(ProjectConfigurationPlatforms) = postSolution
		{326A6012-EB6F-4845-9057-D76A86B3FA0A}.Debug|Any CPU.ActiveCfg = Debug|Any CPU
		{326A6012-EB6F-4845-9057-D76A86B3FA0A}.Debug|Any CPU.Build.0 = Debug|Any CPU
		{326A6012-EB6F-4845-9057-D76A86B3FA0A}.Release|Any CPU.ActiveCfg = Release|Any CPU
		{326A6012-EB6F-4845-9057-D76A86B3FA0A}.Release|Any CPU.Build.0 = Release|Any CPU
	EndGlobalSection
	GlobalSection(SolutionProperties) = preSolution
		HideSolutionNode = FALSE
	EndGlobalSection
	GlobalSection(ExtensibilityGlobals) = postSolution
		SolutionGuid = {5B84E2DE-5D83-4B68-B74C-CB7EBF72B4A5}
	EndGlobalSection
EndGlobal
